
Microsoft Visual Studio Solution File, Format Version 12.00
# Visual Studio Version 17
VisualStudioVersion = 17.1.32319.34
MinimumVisualStudioVersion = 10.0.40219.1
Project("{2150E333-8FDC-42A3-9474-1A3956D46DE8}") = "src", "src", "{BCE75FF0-25CF-4249-B32B-9049E2A8E20E}"
EndProject
Project("{2150E333-8FDC-42A3-9474-1A3956D46DE8}") = "Solution Items", "Solution Items", "{A61AF7B4-A593-4F81-97B8-9D5F9F0987F1}"
	ProjectSection(SolutionItems) = preProject
		ServiceUrls.txt = ServiceUrls.txt
	EndProjectSection
EndProject
Project("{2150E333-8FDC-42A3-9474-1A3956D46DE8}") = "ApiGateways", "ApiGateways", "{30D395C0-90DA-47B5-99DD-D596BD178E45}"
EndProject
Project("{2150E333-8FDC-42A3-9474-1A3956D46DE8}") = "BuildingBlocks", "BuildingBlocks", "{A8B1289A-D346-41B0-BF8F-1227E387E14B}"
EndProject
Project("{2150E333-8FDC-42A3-9474-1A3956D46DE8}") = "Services", "Services", "{5BD4FC22-1999-4936-9E2D-B9DC810317D2}"
EndProject
Project("{2150E333-8FDC-42A3-9474-1A3956D46DE8}") = "Clients", "Clients", "{B1438374-7BC1-4A1F-A960-0F4700630EDA}"
EndProject
Project("{2150E333-8FDC-42A3-9474-1A3956D46DE8}") = "WebApiGateway", "WebApiGateway", "{447608D1-AA58-4640-8119-ADF74CBFC34E}"
EndProject
Project("{9A19103F-16F7-4668-BE54-9A1E7A4F7556}") = "Web.ApiGateway", "src\ApiGateways\WebApiGateway\Web.ApiGateway\Web.ApiGateway.csproj", "{7E5B2205-3696-4D5D-BD80-5FE055DE67F5}"
EndProject
Project("{2150E333-8FDC-42A3-9474-1A3956D46DE8}") = "EventBus", "EventBus", "{5D308901-0C03-4D54-A464-2E17D199A97B}"
EndProject
Project("{9A19103F-16F7-4668-BE54-9A1E7A4F7556}") = "EventBus.Base", "src\BuildingBlocks\EventBus\EventBus.Base\EventBus.Base.csproj", "{4034D069-9A6C-4077-9D7C-1862E995DDDC}"
EndProject
Project("{9A19103F-16F7-4668-BE54-9A1E7A4F7556}") = "EventBus.Factory", "src\BuildingBlocks\EventBus\EventBus.Factory\EventBus.Factory.csproj", "{B250077E-03CA-45B9-9370-5A250ED312A8}"
EndProject
Project("{9A19103F-16F7-4668-BE54-9A1E7A4F7556}") = "EventBus.AzureServiceBus", "src\BuildingBlocks\EventBus\EventBus.AzureServiceBus\EventBus.AzureServiceBus.csproj", "{75EA9F88-DDA2-45DE-9C8F-F27B323D8521}"
EndProject
Project("{9A19103F-16F7-4668-BE54-9A1E7A4F7556}") = "EventBus.RabbitMQ", "src\BuildingBlocks\EventBus\EventBus.RabbitMQ\EventBus.RabbitMQ.csproj", "{DB0803FD-9174-4C3E-8DEC-8381F4AF0342}"
EndProject
Project("{2150E333-8FDC-42A3-9474-1A3956D46DE8}") = "BlazorWebApp", "BlazorWebApp", "{AE892AF3-0E00-4C10-ABBE-9E88A2014B90}"
EndProject
Project("{9A19103F-16F7-4668-BE54-9A1E7A4F7556}") = "WebApp", "src\Clients\BlazorWebApp\WebApp\WebApp.csproj", "{01EDC6D8-FFDD-48F4-98F2-8B0835E563C5}"
EndProject
Project("{2150E333-8FDC-42A3-9474-1A3956D46DE8}") = "BasketService", "BasketService", "{4D6D20EC-A280-48B1-AC5D-A0D2AA41F090}"
EndProject
Project("{9A19103F-16F7-4668-BE54-9A1E7A4F7556}") = "BasketService.Api", "src\Services\BasketService\BasketService.Api\BasketService.Api.csproj", "{90B621A2-138C-4CB1-AA6B-080B0B1ECC99}"
EndProject
Project("{2150E333-8FDC-42A3-9474-1A3956D46DE8}") = "CatologService", "CatologService", "{65427165-F3D8-4425-AD52-1B5A842672CC}"
EndProject
Project("{9A19103F-16F7-4668-BE54-9A1E7A4F7556}") = "CatologService.Api", "src\Services\CatologService\CatologService.Api\CatologService.Api.csproj", "{507ADC1D-FE7C-4114-8BBD-2221B88F9DEF}"
EndProject
Project("{2150E333-8FDC-42A3-9474-1A3956D46DE8}") = "IdentitiyService", "IdentitiyService", "{5E62AEAB-F8AE-418C-B4D1-02A398789A2B}"
EndProject
Project("{9A19103F-16F7-4668-BE54-9A1E7A4F7556}") = "IdentitiyService.Api", "src\Services\IdentitiyService\IdentitiyService.Api\IdentitiyService.Api.csproj", "{F188D50C-F679-4123-8ECE-C5B98AE68EC9}"
EndProject
Project("{2150E333-8FDC-42A3-9474-1A3956D46DE8}") = "NotificationService", "NotificationService", "{0487E272-9FFC-4232-8EF3-EC14787A828F}"
EndProject
Project("{9A19103F-16F7-4668-BE54-9A1E7A4F7556}") = "NotificationService", "src\Services\NotificationService\NotificationService\NotificationService.csproj", "{21164798-1BD1-4069-AA5F-FB3BB8B89675}"
EndProject
Project("{2150E333-8FDC-42A3-9474-1A3956D46DE8}") = "OrderService", "OrderService", "{DEA1E903-F70F-4D69-BAF0-D07035352117}"
EndProject
Project("{9A19103F-16F7-4668-BE54-9A1E7A4F7556}") = "OrderService.Domain", "src\Services\OrderService\OrderService.Domain\OrderService.Domain.csproj", "{9997C39C-BB5B-446E-8EED-8D5B2720544E}"
EndProject
Project("{9A19103F-16F7-4668-BE54-9A1E7A4F7556}") = "OrderService.Application", "src\Services\OrderService\OrderService.Application\OrderService.Application.csproj", "{32363071-FD27-44DB-A921-F9D0F267FFB8}"
EndProject
Project("{9A19103F-16F7-4668-BE54-9A1E7A4F7556}") = "OrderService.Infrastracture", "src\Services\OrderService\OrderService.Infrastracture\OrderService.Infrastracture.csproj", "{C01B5A94-475B-4FE6-A544-9A0249DDF693}"
EndProject
Project("{9A19103F-16F7-4668-BE54-9A1E7A4F7556}") = "OrderService.Api", "src\Services\OrderService\OrderService.Api\OrderService.Api.csproj", "{8EA6AF7E-33B0-41EC-83BE-F34CF21EFF2D}"
EndProject
Project("{2150E333-8FDC-42A3-9474-1A3956D46DE8}") = "PaymentService", "PaymentService", "{44E4801F-A3EB-489D-98E4-D181D5251154}"
EndProject
Project("{9A19103F-16F7-4668-BE54-9A1E7A4F7556}") = "PaymentService.Api", "src\Services\PaymentService\PaymentService.Api\PaymentService.Api.csproj", "{FD7802AF-3C22-4B80-84B6-88702822076D}"
EndProject
Project("{2150E333-8FDC-42A3-9474-1A3956D46DE8}") = "tests", "tests", "{262A517A-2FA0-496C-B4ED-DE9DC70A4235}"
EndProject
Project("{2150E333-8FDC-42A3-9474-1A3956D46DE8}") = "BuildingBlocks", "BuildingBlocks", "{2782FB45-36C5-493A-A9C9-79337AEAB5A7}"
EndProject
Project("{9A19103F-16F7-4668-BE54-9A1E7A4F7556}") = "EventBus.UnitTest", "tests\BuildingBlocks\EventBus.UnitTest\EventBus.UnitTest.csproj", "{44646173-4FB5-49B2-9FA7-89D111EA7CCD}"
EndProject
Project("{2150E333-8FDC-42A3-9474-1A3956D46DE8}") = "Events", "Events", "{B4978442-E7A3-4F7B-B375-2581A425ABB4}"
EndProject
Project("{2150E333-8FDC-42A3-9474-1A3956D46DE8}") = "Events", "Events", "{FAA77C01-9647-422E-A247-D6A598E5B1D1}"
	ProjectSection(SolutionItems) = preProject
		OrderCreatedIntegrationEvent.cs = OrderCreatedIntegrationEvent.cs
	EndProjectSection
EndProject
Project("{2150E333-8FDC-42A3-9474-1A3956D46DE8}") = "EventHandlers", "EventHandlers", "{700AB7AD-E4EC-4F08-9A7B-8529043505D2}"
	ProjectSection(SolutionItems) = preProject
		OrderCreatedEventHandler.cs = OrderCreatedEventHandler.cs
	EndProjectSection
EndProject
Global
	GlobalSection(SolutionConfigurationPlatforms) = preSolution
		Debug|Any CPU = Debug|Any CPU
		Release|Any CPU = Release|Any CPU
	EndGlobalSection
	GlobalSection(ProjectConfigurationPlatforms) = postSolution
		{7E5B2205-3696-4D5D-BD80-5FE055DE67F5}.Debug|Any CPU.ActiveCfg = Debug|Any CPU
		{7E5B2205-3696-4D5D-BD80-5FE055DE67F5}.Debug|Any CPU.Build.0 = Debug|Any CPU
		{7E5B2205-3696-4D5D-BD80-5FE055DE67F5}.Release|Any CPU.ActiveCfg = Release|Any CPU
		{7E5B2205-3696-4D5D-BD80-5FE055DE67F5}.Release|Any CPU.Build.0 = Release|Any CPU
		{4034D069-9A6C-4077-9D7C-1862E995DDDC}.Debug|Any CPU.ActiveCfg = Debug|Any CPU
		{4034D069-9A6C-4077-9D7C-1862E995DDDC}.Debug|Any CPU.Build.0 = Debug|Any CPU
		{4034D069-9A6C-4077-9D7C-1862E995DDDC}.Release|Any CPU.ActiveCfg = Release|Any CPU
		{4034D069-9A6C-4077-9D7C-1862E995DDDC}.Release|Any CPU.Build.0 = Release|Any CPU
		{B250077E-03CA-45B9-9370-5A250ED312A8}.Debug|Any CPU.ActiveCfg = Debug|Any CPU
		{B250077E-03CA-45B9-9370-5A250ED312A8}.Debug|Any CPU.Build.0 = Debug|Any CPU
		{B250077E-03CA-45B9-9370-5A250ED312A8}.Release|Any CPU.ActiveCfg = Release|Any CPU
		{B250077E-03CA-45B9-9370-5A250ED312A8}.Release|Any CPU.Build.0 = Release|Any CPU
		{75EA9F88-DDA2-45DE-9C8F-F27B323D8521}.Debug|Any CPU.ActiveCfg = Debug|Any CPU
		{75EA9F88-DDA2-45DE-9C8F-F27B323D8521}.Debug|Any CPU.Build.0 = Debug|Any CPU
		{75EA9F88-DDA2-45DE-9C8F-F27B323D8521}.Release|Any CPU.ActiveCfg = Release|Any CPU
		{75EA9F88-DDA2-45DE-9C8F-F27B323D8521}.Release|Any CPU.Build.0 = Release|Any CPU
		{DB0803FD-9174-4C3E-8DEC-8381F4AF0342}.Debug|Any CPU.ActiveCfg = Debug|Any CPU
		{DB0803FD-9174-4C3E-8DEC-8381F4AF0342}.Debug|Any CPU.Build.0 = Debug|Any CPU
		{DB0803FD-9174-4C3E-8DEC-8381F4AF0342}.Release|Any CPU.ActiveCfg = Release|Any CPU
		{DB0803FD-9174-4C3E-8DEC-8381F4AF0342}.Release|Any CPU.Build.0 = Release|Any CPU
		{01EDC6D8-FFDD-48F4-98F2-8B0835E563C5}.Debug|Any CPU.ActiveCfg = Debug|Any CPU
		{01EDC6D8-FFDD-48F4-98F2-8B0835E563C5}.Debug|Any CPU.Build.0 = Debug|Any CPU
		{01EDC6D8-FFDD-48F4-98F2-8B0835E563C5}.Release|Any CPU.ActiveCfg = Release|Any CPU
		{01EDC6D8-FFDD-48F4-98F2-8B0835E563C5}.Release|Any CPU.Build.0 = Release|Any CPU
		{90B621A2-138C-4CB1-AA6B-080B0B1ECC99}.Debug|Any CPU.ActiveCfg = Debug|Any CPU
		{90B621A2-138C-4CB1-AA6B-080B0B1ECC99}.Debug|Any CPU.Build.0 = Debug|Any CPU
		{90B621A2-138C-4CB1-AA6B-080B0B1ECC99}.Release|Any CPU.ActiveCfg = Release|Any CPU
		{90B621A2-138C-4CB1-AA6B-080B0B1ECC99}.Release|Any CPU.Build.0 = Release|Any CPU
		{507ADC1D-FE7C-4114-8BBD-2221B88F9DEF}.Debug|Any CPU.ActiveCfg = Debug|Any CPU
		{507ADC1D-FE7C-4114-8BBD-2221B88F9DEF}.Debug|Any CPU.Build.0 = Debug|Any CPU
		{507ADC1D-FE7C-4114-8BBD-2221B88F9DEF}.Release|Any CPU.ActiveCfg = Release|Any CPU
		{507ADC1D-FE7C-4114-8BBD-2221B88F9DEF}.Release|Any CPU.Build.0 = Release|Any CPU
		{F188D50C-F679-4123-8ECE-C5B98AE68EC9}.Debug|Any CPU.ActiveCfg = Debug|Any CPU
		{F188D50C-F679-4123-8ECE-C5B98AE68EC9}.Debug|Any CPU.Build.0 = Debug|Any CPU
		{F188D50C-F679-4123-8ECE-C5B98AE68EC9}.Release|Any CPU.ActiveCfg = Release|Any CPU
		{F188D50C-F679-4123-8ECE-C5B98AE68EC9}.Release|Any CPU.Build.0 = Release|Any CPU
		{21164798-1BD1-4069-AA5F-FB3BB8B89675}.Debug|Any CPU.ActiveCfg = Debug|Any CPU
		{21164798-1BD1-4069-AA5F-FB3BB8B89675}.Debug|Any CPU.Build.0 = Debug|Any CPU
		{21164798-1BD1-4069-AA5F-FB3BB8B89675}.Release|Any CPU.ActiveCfg = Release|Any CPU
		{21164798-1BD1-4069-AA5F-FB3BB8B89675}.Release|Any CPU.Build.0 = Release|Any CPU
		{9997C39C-BB5B-446E-8EED-8D5B2720544E}.Debug|Any CPU.ActiveCfg = Debug|Any CPU
		{9997C39C-BB5B-446E-8EED-8D5B2720544E}.Debug|Any CPU.Build.0 = Debug|Any CPU
		{9997C39C-BB5B-446E-8EED-8D5B2720544E}.Release|Any CPU.ActiveCfg = Release|Any CPU
		{9997C39C-BB5B-446E-8EED-8D5B2720544E}.Release|Any CPU.Build.0 = Release|Any CPU
		{32363071-FD27-44DB-A921-F9D0F267FFB8}.Debug|Any CPU.ActiveCfg = Debug|Any CPU
		{32363071-FD27-44DB-A921-F9D0F267FFB8}.Debug|Any CPU.Build.0 = Debug|Any CPU
		{32363071-FD27-44DB-A921-F9D0F267FFB8}.Release|Any CPU.ActiveCfg = Release|Any CPU
		{32363071-FD27-44DB-A921-F9D0F267FFB8}.Release|Any CPU.Build.0 = Release|Any CPU
		{C01B5A94-475B-4FE6-A544-9A0249DDF693}.Debug|Any CPU.ActiveCfg = Debug|Any CPU
		{C01B5A94-475B-4FE6-A544-9A0249DDF693}.Debug|Any CPU.Build.0 = Debug|Any CPU
		{C01B5A94-475B-4FE6-A544-9A0249DDF693}.Release|Any CPU.ActiveCfg = Release|Any CPU
		{C01B5A94-475B-4FE6-A544-9A0249DDF693}.Release|Any CPU.Build.0 = Release|Any CPU
		{8EA6AF7E-33B0-41EC-83BE-F34CF21EFF2D}.Debug|Any CPU.ActiveCfg = Debug|Any CPU
		{8EA6AF7E-33B0-41EC-83BE-F34CF21EFF2D}.Debug|Any CPU.Build.0 = Debug|Any CPU
		{8EA6AF7E-33B0-41EC-83BE-F34CF21EFF2D}.Release|Any CPU.ActiveCfg = Release|Any CPU
		{8EA6AF7E-33B0-41EC-83BE-F34CF21EFF2D}.Release|Any CPU.Build.0 = Release|Any CPU
		{FD7802AF-3C22-4B80-84B6-88702822076D}.Debug|Any CPU.ActiveCfg = Debug|Any CPU
		{FD7802AF-3C22-4B80-84B6-88702822076D}.Debug|Any CPU.Build.0 = Debug|Any CPU
		{FD7802AF-3C22-4B80-84B6-88702822076D}.Release|Any CPU.ActiveCfg = Release|Any CPU
		{FD7802AF-3C22-4B80-84B6-88702822076D}.Release|Any CPU.Build.0 = Release|Any CPU
		{44646173-4FB5-49B2-9FA7-89D111EA7CCD}.Debug|Any CPU.ActiveCfg = Debug|Any CPU
		{44646173-4FB5-49B2-9FA7-89D111EA7CCD}.Debug|Any CPU.Build.0 = Debug|Any CPU
		{44646173-4FB5-49B2-9FA7-89D111EA7CCD}.Release|Any CPU.ActiveCfg = Release|Any CPU
		{44646173-4FB5-49B2-9FA7-89D111EA7CCD}.Release|Any CPU.Build.0 = Release|Any CPU
	EndGlobalSection
	GlobalSection(SolutionProperties) = preSolution
		HideSolutionNode = FALSE
	EndGlobalSection
	GlobalSection(NestedProjects) = preSolution
		{30D395C0-90DA-47B5-99DD-D596BD178E45} = {BCE75FF0-25CF-4249-B32B-9049E2A8E20E}
		{A8B1289A-D346-41B0-BF8F-1227E387E14B} = {BCE75FF0-25CF-4249-B32B-9049E2A8E20E}
		{5BD4FC22-1999-4936-9E2D-B9DC810317D2} = {BCE75FF0-25CF-4249-B32B-9049E2A8E20E}
		{B1438374-7BC1-4A1F-A960-0F4700630EDA} = {BCE75FF0-25CF-4249-B32B-9049E2A8E20E}
		{447608D1-AA58-4640-8119-ADF74CBFC34E} = {30D395C0-90DA-47B5-99DD-D596BD178E45}
		{7E5B2205-3696-4D5D-BD80-5FE055DE67F5} = {447608D1-AA58-4640-8119-ADF74CBFC34E}
		{5D308901-0C03-4D54-A464-2E17D199A97B} = {A8B1289A-D346-41B0-BF8F-1227E387E14B}
		{4034D069-9A6C-4077-9D7C-1862E995DDDC} = {5D308901-0C03-4D54-A464-2E17D199A97B}
		{B250077E-03CA-45B9-9370-5A250ED312A8} = {5D308901-0C03-4D54-A464-2E17D199A97B}
		{75EA9F88-DDA2-45DE-9C8F-F27B323D8521} = {5D308901-0C03-4D54-A464-2E17D199A97B}
		{DB0803FD-9174-4C3E-8DEC-8381F4AF0342} = {5D308901-0C03-4D54-A464-2E17D199A97B}
		{AE892AF3-0E00-4C10-ABBE-9E88A2014B90} = {B1438374-7BC1-4A1F-A960-0F4700630EDA}
		{01EDC6D8-FFDD-48F4-98F2-8B0835E563C5} = {AE892AF3-0E00-4C10-ABBE-9E88A2014B90}
		{4D6D20EC-A280-48B1-AC5D-A0D2AA41F090} = {5BD4FC22-1999-4936-9E2D-B9DC810317D2}
		{90B621A2-138C-4CB1-AA6B-080B0B1ECC99} = {4D6D20EC-A280-48B1-AC5D-A0D2AA41F090}
		{65427165-F3D8-4425-AD52-1B5A842672CC} = {5BD4FC22-1999-4936-9E2D-B9DC810317D2}
		{507ADC1D-FE7C-4114-8BBD-2221B88F9DEF} = {65427165-F3D8-4425-AD52-1B5A842672CC}
		{5E62AEAB-F8AE-418C-B4D1-02A398789A2B} = {5BD4FC22-1999-4936-9E2D-B9DC810317D2}
		{F188D50C-F679-4123-8ECE-C5B98AE68EC9} = {5E62AEAB-F8AE-418C-B4D1-02A398789A2B}
		{0487E272-9FFC-4232-8EF3-EC14787A828F} = {5BD4FC22-1999-4936-9E2D-B9DC810317D2}
		{21164798-1BD1-4069-AA5F-FB3BB8B89675} = {0487E272-9FFC-4232-8EF3-EC14787A828F}
		{DEA1E903-F70F-4D69-BAF0-D07035352117} = {5BD4FC22-1999-4936-9E2D-B9DC810317D2}
		{9997C39C-BB5B-446E-8EED-8D5B2720544E} = {DEA1E903-F70F-4D69-BAF0-D07035352117}
		{32363071-FD27-44DB-A921-F9D0F267FFB8} = {DEA1E903-F70F-4D69-BAF0-D07035352117}
		{C01B5A94-475B-4FE6-A544-9A0249DDF693} = {DEA1E903-F70F-4D69-BAF0-D07035352117}
		{8EA6AF7E-33B0-41EC-83BE-F34CF21EFF2D} = {DEA1E903-F70F-4D69-BAF0-D07035352117}
		{44E4801F-A3EB-489D-98E4-D181D5251154} = {5BD4FC22-1999-4936-9E2D-B9DC810317D2}
		{FD7802AF-3C22-4B80-84B6-88702822076D} = {44E4801F-A3EB-489D-98E4-D181D5251154}
		{2782FB45-36C5-493A-A9C9-79337AEAB5A7} = {262A517A-2FA0-496C-B4ED-DE9DC70A4235}
		{44646173-4FB5-49B2-9FA7-89D111EA7CCD} = {2782FB45-36C5-493A-A9C9-79337AEAB5A7}
		{B4978442-E7A3-4F7B-B375-2581A425ABB4} = {2782FB45-36C5-493A-A9C9-79337AEAB5A7}
		{FAA77C01-9647-422E-A247-D6A598E5B1D1} = {B4978442-E7A3-4F7B-B375-2581A425ABB4}
		{700AB7AD-E4EC-4F08-9A7B-8529043505D2} = {B4978442-E7A3-4F7B-B375-2581A425ABB4}
	EndGlobalSection
	GlobalSection(ExtensibilityGlobals) = postSolution
		SolutionGuid = {6BB24A43-FADF-43DC-B9BA-5AE241133A6B}
	EndGlobalSection
EndGlobal
